<?xml version="1.0" encoding="UTF-8" standalone="yes" ?>
<CodeBlocks_project_file>
	<FileVersion major="1" minor="6" />
	<Project>
		<Option title="PiControl" />
		<Option pch_mode="2" />
		<Option compiler="gcc" />
		<Build>
			<Target title="Debug">
				<Option output="bin/Debug/PiControl" prefix_auto="1" extension_auto="1" />
				<Option object_output="obj/Debug/" />
				<Option type="1" />
				<Option compiler="gcc" />
				<Compiler>
					<Add option="-g" />
					<Add directory="include" />
				</Compiler>
			</Target>
			<Target title="Release">
				<Option output="bin/Release/PiControl" prefix_auto="1" extension_auto="1" />
				<Option object_output="obj/Release/" />
				<Option type="1" />
				<Option compiler="gcc" />
				<Compiler>
					<Add option="-O2" />
					<Add directory="include" />
				</Compiler>
				<Linker>
					<Add option="-s" />
				</Linker>
			</Target>
		</Build>
		<Compiler>
			<Add option="-Wall" />
			<Add option="-fexceptions" />
		</Compiler>
		<Unit filename="include/Command.h" />
		<Unit filename="include/CommandSystem.h" />
		<Unit filename="include/Helpers.h" />
		<Unit filename="include/Includes.h" />
		<Unit filename="include/Logger.h" />
		<Unit filename="include/Starter.h" />
		<Unit filename="include/Structs.h" />
		<Unit filename="include/ThreadManager.h" />
		<Unit filename="include/Typedefs.h" />
		<Unit filename="main.cpp" />
		<Unit filename="src/Command.cpp" />
		<Unit filename="src/CommandSystem.cpp" />
		<Unit filename="src/Helpers.cpp" />
		<Unit filename="src/Logger.cpp" />
		<Unit filename="src/Pointers.cpp" />
		<Unit filename="src/Starter.cpp" />
		<Unit filename="src/ThreadManager.cpp" />
		<Extensions>
			<code_completion />
			<debugger />
		</Extensions>
	</Project>
</CodeBlocks_project_file>
